version: 6
environments:
  default:
    channels:
    - url: https://conda.anaconda.org/conda-forge/
    packages:
      linux-64:
      - conda: https://conda.anaconda.org/conda-forge/linux-64/_libgcc_mutex-0.1-conda_forge.tar.bz2
      - conda: https://conda.anaconda.org/conda-forge/linux-64/_openmp_mutex-4.5-2_gnu.tar.bz2
      - conda: https://conda.anaconda.org/conda-forge/linux-64/glfw-3.4-hd590300_0.conda
      - conda: https://conda.anaconda.org/conda-forge/linux-64/libexpat-2.6.4-h5888daf_0.conda
      - conda: https://conda.anaconda.org/conda-forge/linux-64/libffi-3.4.2-h7f98852_5.tar.bz2
      - conda: https://conda.anaconda.org/conda-forge/linux-64/libgcc-14.2.0-h77fa898_1.conda
      - conda: https://conda.anaconda.org/conda-forge/linux-64/libgcc-ng-14.2.0-h69a702a_1.conda
      - conda: https://conda.anaconda.org/conda-forge/linux-64/libgl-1.7.0-ha4b6fd6_2.conda
      - conda: https://conda.anaconda.org/conda-forge/linux-64/libglvnd-1.7.0-ha4b6fd6_2.conda
      - conda: https://conda.anaconda.org/conda-forge/linux-64/libglx-1.7.0-ha4b6fd6_2.conda
      - conda: https://conda.anaconda.org/conda-forge/linux-64/libgomp-14.2.0-h77fa898_1.conda
      - conda: https://conda.anaconda.org/conda-forge/linux-64/libiconv-1.17-hd590300_2.conda
      - conda: https://conda.anaconda.org/conda-forge/linux-64/liblzma-5.6.3-hb9d3cd8_1.conda
      - conda: https://conda.anaconda.org/conda-forge/linux-64/libstdcxx-14.2.0-hc0a3c3a_1.conda
      - conda: https://conda.anaconda.org/conda-forge/linux-64/libstdcxx-ng-14.2.0-h4852527_1.conda
      - conda: https://conda.anaconda.org/conda-forge/linux-64/libxcb-1.17.0-h8a09558_0.conda
      - conda: https://conda.anaconda.org/conda-forge/linux-64/libxkbcommon-1.7.0-h2c5496b_1.conda
      - conda: https://conda.anaconda.org/conda-forge/linux-64/libxml2-2.13.5-h0d44e9d_1.conda
      - conda: https://conda.anaconda.org/conda-forge/linux-64/libzlib-1.3.1-hb9d3cd8_2.conda
      - conda: https://conda.anaconda.org/conda-forge/linux-64/pthread-stubs-0.4-hb9d3cd8_1002.conda
      - conda: https://conda.anaconda.org/conda-forge/linux-64/wayland-1.23.1-h3e06ad9_0.conda
      - conda: https://conda.anaconda.org/conda-forge/linux-64/xkeyboard-config-2.43-hb9d3cd8_0.conda
      - conda: https://conda.anaconda.org/conda-forge/linux-64/xorg-libx11-1.8.10-h4f16b4b_1.conda
      - conda: https://conda.anaconda.org/conda-forge/linux-64/xorg-libxau-1.0.12-hb9d3cd8_0.conda
      - conda: https://conda.anaconda.org/conda-forge/linux-64/xorg-libxdmcp-1.1.5-hb9d3cd8_0.conda
      - conda: https://conda.anaconda.org/conda-forge/linux-64/xorg-libxext-1.3.6-hb9d3cd8_0.conda
      - conda: https://conda.anaconda.org/conda-forge/linux-64/xorg-libxinerama-1.1.5-h5888daf_1.conda
      - conda: .
        name: mujoco_simulate
      - conda: ../
        name: mujoco
packages:
- conda: https://conda.anaconda.org/conda-forge/linux-64/_libgcc_mutex-0.1-conda_forge.tar.bz2
  sha256: fe51de6107f9edc7aa4f786a70f4a883943bc9d39b3bb7307c04c41410990726
  md5: d7c89558ba9fa0495403155b64376d81
  license: None
  size: 2562
  timestamp: 1578324546067
- conda: https://conda.anaconda.org/conda-forge/linux-64/_openmp_mutex-4.5-2_gnu.tar.bz2
  build_number: 16
  sha256: fbe2c5e56a653bebb982eda4876a9178aedfc2b545f25d0ce9c4c0b508253d22
  md5: 73aaf86a425cc6e73fcf236a5a46396d
  depends:
  - _libgcc_mutex 0.1 conda_forge
  - libgomp >=7.5.0
  constrains:
  - openmp_impl 9999
  license: BSD-3-Clause
  license_family: BSD
  size: 23621
  timestamp: 1650670423406
- conda: https://conda.anaconda.org/conda-forge/linux-64/glfw-3.4-hd590300_0.conda
  sha256: 852298b9d1b6e58d8653d943049f7bce0ef3774c87fccd5ac1e8b04d5d702d40
  md5: 4c7a044d25e000fef39b77c10a102ea1
  depends:
  - libgcc-ng >=12
  - libxkbcommon >=1.6.0,<2.0a0
  - wayland >=1.22.0,<2.0a0
  - xorg-libx11 >=1.8.7,<2.0a0
  - xorg-libxinerama >=1.1.5,<1.2.0a0
  license: Zlib
  size: 167421
  timestamp: 1708788896752
- conda: https://conda.anaconda.org/conda-forge/linux-64/libexpat-2.6.4-h5888daf_0.conda
  sha256: 56541b98447b58e52d824bd59d6382d609e11de1f8adf20b23143e353d2b8d26
  md5: db833e03127376d461e1e13e76f09b6c
  depends:
  - __glibc >=2.17,<3.0.a0
  - libgcc >=13
  constrains:
  - expat 2.6.4.*
  license: MIT
  license_family: MIT
  size: 73304
  timestamp: 1730967041968
- conda: https://conda.anaconda.org/conda-forge/linux-64/libffi-3.4.2-h7f98852_5.tar.bz2
  sha256: ab6e9856c21709b7b517e940ae7028ae0737546122f83c2aa5d692860c3b149e
  md5: d645c6d2ac96843a2bfaccd2d62b3ac3
  depends:
  - libgcc-ng >=9.4.0
  license: MIT
  license_family: MIT
  size: 58292
  timestamp: 1636488182923
- conda: https://conda.anaconda.org/conda-forge/linux-64/libgcc-14.2.0-h77fa898_1.conda
  sha256: 53eb8a79365e58849e7b1a068d31f4f9e718dc938d6f2c03e960345739a03569
  md5: 3cb76c3f10d3bc7f1105b2fc9db984df
  depends:
  - _libgcc_mutex 0.1 conda_forge
  - _openmp_mutex >=4.5
  constrains:
  - libgomp 14.2.0 h77fa898_1
  - libgcc-ng ==14.2.0=*_1
  license: GPL-3.0-only WITH GCC-exception-3.1
  license_family: GPL
  size: 848745
  timestamp: 1729027721139
- conda: https://conda.anaconda.org/conda-forge/linux-64/libgcc-ng-14.2.0-h69a702a_1.conda
  sha256: 3a76969c80e9af8b6e7a55090088bc41da4cffcde9e2c71b17f44d37b7cb87f7
  md5: e39480b9ca41323497b05492a63bc35b
  depends:
  - libgcc 14.2.0 h77fa898_1
  license: GPL-3.0-only WITH GCC-exception-3.1
  license_family: GPL
  size: 54142
  timestamp: 1729027726517
- conda: https://conda.anaconda.org/conda-forge/linux-64/libgl-1.7.0-ha4b6fd6_2.conda
  sha256: dc2752241fa3d9e40ce552c1942d0a4b5eeb93740c9723873f6fcf8d39ef8d2d
  md5: 928b8be80851f5d8ffb016f9c81dae7a
  depends:
  - __glibc >=2.17,<3.0.a0
  - libglvnd 1.7.0 ha4b6fd6_2
  - libglx 1.7.0 ha4b6fd6_2
  license: LicenseRef-libglvnd
  size: 134712
  timestamp: 1731330998354
- conda: https://conda.anaconda.org/conda-forge/linux-64/libglvnd-1.7.0-ha4b6fd6_2.conda
  sha256: 1175f8a7a0c68b7f81962699751bb6574e6f07db4c9f72825f978e3016f46850
  md5: 434ca7e50e40f4918ab701e3facd59a0
  depends:
  - __glibc >=2.17,<3.0.a0
  license: LicenseRef-libglvnd
  size: 132463
  timestamp: 1731330968309
- conda: https://conda.anaconda.org/conda-forge/linux-64/libglx-1.7.0-ha4b6fd6_2.conda
  sha256: 2d35a679624a93ce5b3e9dd301fff92343db609b79f0363e6d0ceb3a6478bfa7
  md5: c8013e438185f33b13814c5c488acd5c
  depends:
  - __glibc >=2.17,<3.0.a0
  - libglvnd 1.7.0 ha4b6fd6_2
  - xorg-libx11 >=1.8.10,<2.0a0
  license: LicenseRef-libglvnd
  size: 75504
  timestamp: 1731330988898
- conda: https://conda.anaconda.org/conda-forge/linux-64/libgomp-14.2.0-h77fa898_1.conda
  sha256: 1911c29975ec99b6b906904040c855772ccb265a1c79d5d75c8ceec4ed89cd63
  md5: cc3573974587f12dda90d96e3e55a702
  depends:
  - _libgcc_mutex 0.1 conda_forge
  license: GPL-3.0-only WITH GCC-exception-3.1
  license_family: GPL
  size: 460992
  timestamp: 1729027639220
- conda: https://conda.anaconda.org/conda-forge/linux-64/libiconv-1.17-hd590300_2.conda
  sha256: 8ac2f6a9f186e76539439e50505d98581472fedb347a20e7d1f36429849f05c9
  md5: d66573916ffcf376178462f1b61c941e
  depends:
  - libgcc-ng >=12
  license: LGPL-2.1-only
  size: 705775
  timestamp: 1702682170569
- conda: https://conda.anaconda.org/conda-forge/linux-64/liblzma-5.6.3-hb9d3cd8_1.conda
  sha256: e6e425252f3839e2756e4af1ea2074dffd3396c161bf460629f9dfd6a65f15c6
  md5: 2ecf2f1c7e4e21fcfe6423a51a992d84
  depends:
  - __glibc >=2.17,<3.0.a0
  - libgcc >=13
  license: 0BSD
  size: 111132
  timestamp: 1733407410083
- conda: https://conda.anaconda.org/conda-forge/linux-64/libstdcxx-14.2.0-hc0a3c3a_1.conda
  sha256: 4661af0eb9bdcbb5fb33e5d0023b001ad4be828fccdcc56500059d56f9869462
  md5: 234a5554c53625688d51062645337328
  depends:
  - libgcc 14.2.0 h77fa898_1
  license: GPL-3.0-only WITH GCC-exception-3.1
  license_family: GPL
  size: 3893695
  timestamp: 1729027746910
- conda: https://conda.anaconda.org/conda-forge/linux-64/libstdcxx-ng-14.2.0-h4852527_1.conda
  sha256: 25bb30b827d4f6d6f0522cc0579e431695503822f144043b93c50237017fffd8
  md5: 8371ac6457591af2cf6159439c1fd051
  depends:
  - libstdcxx 14.2.0 hc0a3c3a_1
  license: GPL-3.0-only WITH GCC-exception-3.1
  license_family: GPL
  size: 54105
  timestamp: 1729027780628
- conda: https://conda.anaconda.org/conda-forge/linux-64/libxcb-1.17.0-h8a09558_0.conda
  sha256: 666c0c431b23c6cec6e492840b176dde533d48b7e6fb8883f5071223433776aa
  md5: 92ed62436b625154323d40d5f2f11dd7
  depends:
  - __glibc >=2.17,<3.0.a0
  - libgcc >=13
  - pthread-stubs
  - xorg-libxau >=1.0.11,<2.0a0
  - xorg-libxdmcp
  license: MIT
  license_family: MIT
  size: 395888
  timestamp: 1727278577118
- conda: https://conda.anaconda.org/conda-forge/linux-64/libxkbcommon-1.7.0-h2c5496b_1.conda
  sha256: 6804c2a7062d10de6f159f7106dc45ebccc8d42bfb925f7919e26e567fa6da6b
  md5: e2eaefa4de2b7237af7c907b8bbc760a
  depends:
  - libgcc-ng >=12
  - libstdcxx-ng >=12
  - libxcb >=1.16,<2.0.0a0
  - libxml2 >=2.12.7,<3.0a0
  - xkeyboard-config
  - xorg-libxau >=1.0.11,<2.0a0
  license: MIT/X11 Derivative
  license_family: MIT
  size: 593336
  timestamp: 1718819935698
- conda: https://conda.anaconda.org/conda-forge/linux-64/libxml2-2.13.5-h0d44e9d_1.conda
  sha256: 306e18aa647d8208ad2cd0e62d84933222b2fbe93d2d53cd5283d2256b1d54de
  md5: f5b05674697ae7d2c5932766695945e1
  depends:
  - __glibc >=2.17,<3.0.a0
  - libgcc >=13
  - libiconv >=1.17,<2.0a0
  - liblzma >=5.6.3,<6.0a0
  - libzlib >=1.3.1,<2.0a0
  constrains:
  - icu <0.0a0
  license: MIT
  license_family: MIT
  size: 689993
  timestamp: 1733443678322
- conda: https://conda.anaconda.org/conda-forge/linux-64/libzlib-1.3.1-hb9d3cd8_2.conda
  sha256: d4bfe88d7cb447768e31650f06257995601f89076080e76df55e3112d4e47dc4
  md5: edb0dca6bc32e4f4789199455a1dbeb8
  depends:
  - __glibc >=2.17,<3.0.a0
  - libgcc >=13
  constrains:
  - zlib 1.3.1 *_2
  license: Zlib
  license_family: Other
  size: 60963
  timestamp: 1727963148474
- conda: ../
  name: mujoco
  version: 3.7.0
  build: hbf21a9e_0
  subdir: linux-64
  depends:
  - libstdcxx >=14
  - libgcc >=14
  - libgl >=1.7.0,<2.0a0
  - glfw >=3.4,<4.0a0
  input:
    hash: 189f94dbede2781c96f2ae129a5e12d011eeab64ec42ce0c5dc20e1d95de8340
    globs:
    - pixi.toml
- conda: .
  name: mujoco_simulate
  version: 3.7.0
  build: hbf21a9e_0
  subdir: linux-64
  depends:
  - libstdcxx >=14
  - libgcc >=14
  - libgl >=1.7.0,<2.0a0
  - glfw >=3.4,<4.0a0
  input:
    hash: 41009d20372a4d4ed37cb587499f5c376965ece5a822c7f9f95962d2261a8493
    globs:
    - pixi.toml
- conda: https://conda.anaconda.org/conda-forge/linux-64/pthread-stubs-0.4-hb9d3cd8_1002.conda
  sha256: 9c88f8c64590e9567c6c80823f0328e58d3b1efb0e1c539c0315ceca764e0973
  md5: b3c17d95b5a10c6e64a21fa17573e70e
  depends:
  - __glibc >=2.17,<3.0.a0
  - libgcc >=13
  license: MIT
  license_family: MIT
  size: 8252
  timestamp: 1726802366959
- conda: https://conda.anaconda.org/conda-forge/linux-64/wayland-1.23.1-h3e06ad9_0.conda
  sha256: 0884b2023a32d2620192cf2e2fc6784b8d1e31cf9f137e49e00802d4daf7d1c1
  md5: 0a732427643ae5e0486a727927791da1
  depends:
  - __glibc >=2.17,<3.0.a0
  - libexpat >=2.6.2,<3.0a0
  - libffi >=3.4,<4.0a0
  - libgcc-ng >=13
  - libstdcxx-ng >=13
  license: MIT
  license_family: MIT
  size: 321561
  timestamp: 1724530461598
- conda: https://conda.anaconda.org/conda-forge/linux-64/xkeyboard-config-2.43-hb9d3cd8_0.conda
  sha256: 0d89b5873515a1f05d311f37ea4e087bbccc0418afa38f2f6189e97280db3179
  md5: f725c7425d6d7c15e31f3b99a88ea02f
  depends:
  - __glibc >=2.17,<3.0.a0
  - libgcc >=13
  - xorg-libx11 >=1.8.10,<2.0a0
  license: MIT
  license_family: MIT
  size: 389475
  timestamp: 1727840188958
- conda: https://conda.anaconda.org/conda-forge/linux-64/xorg-libx11-1.8.10-h4f16b4b_1.conda
  sha256: f53994d54f0604df881c4e984279b3cf6a1648a22d4b2113e2c89829968784c9
  md5: 125f34a17d7b4bea418a83904ea82ea6
  depends:
  - __glibc >=2.17,<3.0.a0
  - libgcc >=13
  - libxcb >=1.17.0,<2.0a0
  license: MIT
  license_family: MIT
  size: 837524
  timestamp: 1733324962639
- conda: https://conda.anaconda.org/conda-forge/linux-64/xorg-libxau-1.0.12-hb9d3cd8_0.conda
  sha256: ed10c9283974d311855ae08a16dfd7e56241fac632aec3b92e3cfe73cff31038
  md5: f6ebe2cb3f82ba6c057dde5d9debe4f7
  depends:
  - __glibc >=2.17,<3.0.a0
  - libgcc >=13
  license: MIT
  license_family: MIT
  size: 14780
  timestamp: 1734229004433
- conda: https://conda.anaconda.org/conda-forge/linux-64/xorg-libxdmcp-1.1.5-hb9d3cd8_0.conda
  sha256: 6b250f3e59db07c2514057944a3ea2044d6a8cdde8a47b6497c254520fade1ee
  md5: 8035c64cb77ed555e3f150b7b3972480
  depends:
  - __glibc >=2.17,<3.0.a0
  - libgcc >=13
  license: MIT
  license_family: MIT
  size: 19901
  timestamp: 1727794976192
- conda: https://conda.anaconda.org/conda-forge/linux-64/xorg-libxext-1.3.6-hb9d3cd8_0.conda
  sha256: da5dc921c017c05f38a38bd75245017463104457b63a1ce633ed41f214159c14
  md5: febbab7d15033c913d53c7a2c102309d
  depends:
  - __glibc >=2.17,<3.0.a0
  - libgcc >=13
  - xorg-libx11 >=1.8.10,<2.0a0
  license: MIT
  license_family: MIT
  size: 50060
  timestamp: 1727752228921
- conda: https://conda.anaconda.org/conda-forge/linux-64/xorg-libxinerama-1.1.5-h5888daf_1.conda
  sha256: 1b9141c027f9d84a9ee5eb642a0c19457c788182a5a73c5a9083860ac5c20a8c
  md5: 5e2eb9bf77394fc2e5918beefec9f9ab
  depends:
  - __glibc >=2.17,<3.0.a0
  - libgcc >=13
  - libstdcxx >=13
  - xorg-libx11 >=1.8.10,<2.0a0
  - xorg-libxext >=1.3.6,<2.0a0
  license: MIT
  license_family: MIT
  size: 13891
  timestamp: 1727908521531
